// !$*UTF8*$!
{
	archiveVersion = 1;
	classes = {
	};
	objectVersion = 48;
	objects = {

/* Begin PBXBuildFile section */
		0A361D3F20E8967000CE410D /* MinimumWindowSubstring.m in Sources */ = {isa = PBXBuildFile; fileRef = 0A361D3E20E8967000CE410D /* MinimumWindowSubstring.m */; };
		0A49421F20D27AA5000B3A78 /* GroupAnagrams.m in Sources */ = {isa = PBXBuildFile; fileRef = 0A49421E20D27AA5000B3A78 /* GroupAnagrams.m */; };
		0A4A2FA620DF7266006183F5 /* PermutationSequence.m in Sources */ = {isa = PBXBuildFile; fileRef = 0A4A2FA520DF7266006183F5 /* PermutationSequence.m */; };
		0A5728D220C25B5F008E5F6D /* MaxMinInArray.m in Sources */ = {isa = PBXBuildFile; fileRef = 0A5728D120C25B5F008E5F6D /* MaxMinInArray.m */; };
		0A579C5320958A80004B78A3 /* HanoiTower.m in Sources */ = {isa = PBXBuildFile; fileRef = 0A579C5220958A80004B78A3 /* HanoiTower.m */; };
		0A6424CA20E32C0D00D356E5 /* MinimumPathSum.m in Sources */ = {isa = PBXBuildFile; fileRef = 0A6424C920E32C0D00D356E5 /* MinimumPathSum.m */; };
		0A66DFC120E64EF600E0F35A /* Search2DMatrix.m in Sources */ = {isa = PBXBuildFile; fileRef = 0A66DFC020E64EF600E0F35A /* Search2DMatrix.m */; };
		0A67A5D220C0EE97001AB5EF /* LongestValidParentheses.m in Sources */ = {isa = PBXBuildFile; fileRef = 0A67A5D120C0EE97001AB5EF /* LongestValidParentheses.m */; };
		0A67A5D520C168D9001AB5EF /* HalfRepeat.m in Sources */ = {isa = PBXBuildFile; fileRef = 0A67A5D420C168D9001AB5EF /* HalfRepeat.m */; };
		0A694F3E2099982300694E35 /* PalindromicStr.m in Sources */ = {isa = PBXBuildFile; fileRef = 0A694F3D2099982300694E35 /* PalindromicStr.m */; };
		0A6FB48320A13C4C00F9504D /* ZigZagStr.m in Sources */ = {isa = PBXBuildFile; fileRef = 0A6FB48220A13C4C00F9504D /* ZigZagStr.m */; };
		0A76527E20BCEF0100A3BA70 /* PhoneNumToStr.m in Sources */ = {isa = PBXBuildFile; fileRef = 0A76527D20BCEF0100A3BA70 /* PhoneNumToStr.m */; };
		0A79658D20C8E2A80028836F /* Permutations2.m in Sources */ = {isa = PBXBuildFile; fileRef = 0A79658C20C8E2A80028836F /* Permutations2.m */; };
		0A7988B920C398A900729764 /* SearchinRotatedSortedArray.m in Sources */ = {isa = PBXBuildFile; fileRef = 0A7988B820C398A900729764 /* SearchinRotatedSortedArray.m */; };
		0A7988BC20C3A69200729764 /* JosephRing.m in Sources */ = {isa = PBXBuildFile; fileRef = 0A7988BB20C3A69200729764 /* JosephRing.m */; };
		0A7A0BC220E1D232009AC44D /* UniquePaths.m in Sources */ = {isa = PBXBuildFile; fileRef = 0A7A0BC120E1D232009AC44D /* UniquePaths.m */; };
		0A7A869820C62CE700F48A3C /* CombinationSum2.m in Sources */ = {isa = PBXBuildFile; fileRef = 0A7A869720C62CE700F48A3C /* CombinationSum2.m */; };
		0A7A869F20C68EA400F48A3C /* FirstMissingPositive.m in Sources */ = {isa = PBXBuildFile; fileRef = 0A7A869E20C68EA400F48A3C /* FirstMissingPositive.m */; };
		0A7B31C720B82DB3001076FA /* KMP.m in Sources */ = {isa = PBXBuildFile; fileRef = 0A7B31C620B82DB2001076FA /* KMP.m */; };
		0A7C2C3420E500F100549F5F /* SetMatrixZeroes.m in Sources */ = {isa = PBXBuildFile; fileRef = 0A7C2C3320E500F100549F5F /* SetMatrixZeroes.m */; };
		0A7CD33B20CA23CB003D10DF /* RotateImage.m in Sources */ = {isa = PBXBuildFile; fileRef = 0A7CD33A20CA23CB003D10DF /* RotateImage.m */; };
		0A7D76A320BE36A60084C7A9 /* ValidParentheses.m in Sources */ = {isa = PBXBuildFile; fileRef = 0A7D76A220BE36A60084C7A9 /* ValidParentheses.m */; };
		0A7DB7E320C78424002EB139 /* TrappingRainWater.m in Sources */ = {isa = PBXBuildFile; fileRef = 0A7DB7E220C78424002EB139 /* TrappingRainWater.m */; };
		0A7DB7E620C7D08C002EB139 /* MultiplyStrings.m in Sources */ = {isa = PBXBuildFile; fileRef = 0A7DB7E520C7D08C002EB139 /* MultiplyStrings.m */; };
		0A7DB7E920C7D685002EB139 /* Permutations.m in Sources */ = {isa = PBXBuildFile; fileRef = 0A7DB7E820C7D685002EB139 /* Permutations.m */; };
		0A7E268320B501AE000902C6 /* QuickSort.m in Sources */ = {isa = PBXBuildFile; fileRef = 0A7E268220B501AE000902C6 /* QuickSort.m */; };
		0A7E268620B50235000902C6 /* MergeSort.m in Sources */ = {isa = PBXBuildFile; fileRef = 0A7E268520B50235000902C6 /* MergeSort.m */; };
		0A7E4F7620AEE10C00D363F7 /* RegularExpressionMatching.m in Sources */ = {isa = PBXBuildFile; fileRef = 0A7E4F7520AEE10C00D363F7 /* RegularExpressionMatching.m */; };
		0A7F0FEB20D9F4C30017F480 /* JumpGame.m in Sources */ = {isa = PBXBuildFile; fileRef = 0A7F0FEA20D9F4C30017F480 /* JumpGame.m */; };
		0A7F2AEE206E4785001C56E6 /* BinarySearch.m in Sources */ = {isa = PBXBuildFile; fileRef = 0A7F2AED206E4785001C56E6 /* BinarySearch.m */; };
		0A8444A8207F6AC800E5E598 /* ArrayMedian.m in Sources */ = {isa = PBXBuildFile; fileRef = 0A8444A7207F6AC800E5E598 /* ArrayMedian.m */; };
		0A84960A2063B4610060FC6D /* AppDelegate.m in Sources */ = {isa = PBXBuildFile; fileRef = 0A8496092063B4610060FC6D /* AppDelegate.m */; };
		0A84960D2063B4610060FC6D /* ViewController.m in Sources */ = {isa = PBXBuildFile; fileRef = 0A84960C2063B4610060FC6D /* ViewController.m */; };
		0A8496102063B4610060FC6D /* Main.storyboard in Resources */ = {isa = PBXBuildFile; fileRef = 0A84960E2063B4610060FC6D /* Main.storyboard */; };
		0A8496122063B4610060FC6D /* Assets.xcassets in Resources */ = {isa = PBXBuildFile; fileRef = 0A8496112063B4610060FC6D /* Assets.xcassets */; };
		0A8496152063B4610060FC6D /* LaunchScreen.storyboard in Resources */ = {isa = PBXBuildFile; fileRef = 0A8496132063B4610060FC6D /* LaunchScreen.storyboard */; };
		0A8496182063B4610060FC6D /* main.m in Sources */ = {isa = PBXBuildFile; fileRef = 0A8496172063B4610060FC6D /* main.m */; };
		0A8496222063B4610060FC6D /* LLYAlgorithmDemoTests.m in Sources */ = {isa = PBXBuildFile; fileRef = 0A8496212063B4610060FC6D /* LLYAlgorithmDemoTests.m */; };
		0A84962D2063B4610060FC6D /* LLYAlgorithmDemoUITests.m in Sources */ = {isa = PBXBuildFile; fileRef = 0A84962C2063B4610060FC6D /* LLYAlgorithmDemoUITests.m */; };
		0A84963D2063B5110060FC6D /* TwoSum.m in Sources */ = {isa = PBXBuildFile; fileRef = 0A84963C2063B5110060FC6D /* TwoSum.m */; };
		0A84B6292074743C00CD815E /* MaxSubStr.m in Sources */ = {isa = PBXBuildFile; fileRef = 0A84B6282074743C00CD815E /* MaxSubStr.m */; };
		0A85B34F20DB3CE200EF4DBB /* MergeIntervals.m in Sources */ = {isa = PBXBuildFile; fileRef = 0A85B34E20DB3CE200EF4DBB /* MergeIntervals.m */; };
		0A86B76820B4389100D17FC6 /* GenerateParentheses.m in Sources */ = {isa = PBXBuildFile; fileRef = 0A86B76720B4389100D17FC6 /* GenerateParentheses.m */; };
		0A89F88020B15914008E5811 /* HeapSort.m in Sources */ = {isa = PBXBuildFile; fileRef = 0A89F87F20B15914008E5811 /* HeapSort.m */; };
		0A8B296120DC926B006AF03B /* InsertInterval.m in Sources */ = {isa = PBXBuildFile; fileRef = 0A8B296020DC926B006AF03B /* InsertInterval.m */; };
		0A94B28120A94FD500477751 /* ReverseInteger.m in Sources */ = {isa = PBXBuildFile; fileRef = 0A94B28020A94FD500477751 /* ReverseInteger.m */; };
		0A94B28420A9837E00477751 /* StringToInteger.m in Sources */ = {isa = PBXBuildFile; fileRef = 0A94B28320A9837E00477751 /* StringToInteger.m */; };
		0A95A39B20BBAA2F00804608 /* ArrayThreeSumZero.m in Sources */ = {isa = PBXBuildFile; fileRef = 0A95A39A20BBAA2F00804608 /* ArrayThreeSumZero.m */; };
		0A96D7252071C0A0000720CA /* Recurrence.m in Sources */ = {isa = PBXBuildFile; fileRef = 0A96D7242071C0A0000720CA /* Recurrence.m */; };
		0A9C205920E0811C00CB1914 /* RotateList.m in Sources */ = {isa = PBXBuildFile; fileRef = 0A9C205820E0811C00CB1914 /* RotateList.m */; };
		0A9D49832073A14E0040A3C8 /* ArrayToSum.m in Sources */ = {isa = PBXBuildFile; fileRef = 0A9D49822073A14E0040A3C8 /* ArrayToSum.m */; };
		0A9DA6FA20C4D32F00475C74 /* SearchforaRange.m in Sources */ = {isa = PBXBuildFile; fileRef = 0A9DA6F920C4D32F00475C74 /* SearchforaRange.m */; };
		0A9DA73E20C5441E00475C74 /* CombinationSum.m in Sources */ = {isa = PBXBuildFile; fileRef = 0A9DA73D20C5441E00475C74 /* CombinationSum.m */; };
		0AA12DED20D3677E0035530A /* NQueue.m in Sources */ = {isa = PBXBuildFile; fileRef = 0AA12DEC20D3677E0035530A /* NQueue.m */; };
		0AA5246920E746C800EB1A2C /* SortColors.m in Sources */ = {isa = PBXBuildFile; fileRef = 0AA5246820E746C800EB1A2C /* SortColors.m */; };
		0AC34D2720D8DA1600396A69 /* SpiralMatrix.m in Sources */ = {isa = PBXBuildFile; fileRef = 0AC34D2620D8DA1600396A69 /* SpiralMatrix.m */; };
/* End PBXBuildFile section */

/* Begin PBXContainerItemProxy section */
		0A84961E2063B4610060FC6D /* PBXContainerItemProxy */ = {
			isa = PBXContainerItemProxy;
			containerPortal = 0A8495FD2063B4610060FC6D /* Project object */;
			proxyType = 1;
			remoteGlobalIDString = 0A8496042063B4610060FC6D;
			remoteInfo = LLYAlgorithmDemo;
		};
		0A8496292063B4610060FC6D /* PBXContainerItemProxy */ = {
			isa = PBXContainerItemProxy;
			containerPortal = 0A8495FD2063B4610060FC6D /* Project object */;
			proxyType = 1;
			remoteGlobalIDString = 0A8496042063B4610060FC6D;
			remoteInfo = LLYAlgorithmDemo;
		};
/* End PBXContainerItemProxy section */

/* Begin PBXFileReference section */
		0A361D3D20E8967000CE410D /* MinimumWindowSubstring.h */ = {isa = PBXFileReference; lastKnownFileType = sourcecode.c.h; path = MinimumWindowSubstring.h; sourceTree = "<group>"; };
		0A361D3E20E8967000CE410D /* MinimumWindowSubstring.m */ = {isa = PBXFileReference; lastKnownFileType = sourcecode.c.objc; path = MinimumWindowSubstring.m; sourceTree = "<group>"; };
		0A49421D20D27AA5000B3A78 /* GroupAnagrams.h */ = {isa = PBXFileReference; lastKnownFileType = sourcecode.c.h; path = GroupAnagrams.h; sourceTree = "<group>"; };
		0A49421E20D27AA5000B3A78 /* GroupAnagrams.m */ = {isa = PBXFileReference; lastKnownFileType = sourcecode.c.objc; path = GroupAnagrams.m; sourceTree = "<group>"; };
		0A4A2FA420DF7266006183F5 /* PermutationSequence.h */ = {isa = PBXFileReference; lastKnownFileType = sourcecode.c.h; path = PermutationSequence.h; sourceTree = "<group>"; };
		0A4A2FA520DF7266006183F5 /* PermutationSequence.m */ = {isa = PBXFileReference; lastKnownFileType = sourcecode.c.objc; path = PermutationSequence.m; sourceTree = "<group>"; };
		0A5728D020C25B5F008E5F6D /* MaxMinInArray.h */ = {isa = PBXFileReference; lastKnownFileType = sourcecode.c.h; path = MaxMinInArray.h; sourceTree = "<group>"; };
		0A5728D120C25B5F008E5F6D /* MaxMinInArray.m */ = {isa = PBXFileReference; lastKnownFileType = sourcecode.c.objc; path = MaxMinInArray.m; sourceTree = "<group>"; };
		0A579C5120958A80004B78A3 /* HanoiTower.h */ = {isa = PBXFileReference; lastKnownFileType = sourcecode.c.h; path = HanoiTower.h; sourceTree = "<group>"; };
		0A579C5220958A80004B78A3 /* HanoiTower.m */ = {isa = PBXFileReference; lastKnownFileType = sourcecode.c.objc; path = HanoiTower.m; sourceTree = "<group>"; };
		0A6424C820E32C0D00D356E5 /* MinimumPathSum.h */ = {isa = PBXFileReference; lastKnownFileType = sourcecode.c.h; path = MinimumPathSum.h; sourceTree = "<group>"; };
		0A6424C920E32C0D00D356E5 /* MinimumPathSum.m */ = {isa = PBXFileReference; lastKnownFileType = sourcecode.c.objc; path = MinimumPathSum.m; sourceTree = "<group>"; };
		0A66DFBF20E64EF600E0F35A /* Search2DMatrix.h */ = {isa = PBXFileReference; lastKnownFileType = sourcecode.c.h; path = Search2DMatrix.h; sourceTree = "<group>"; };
		0A66DFC020E64EF600E0F35A /* Search2DMatrix.m */ = {isa = PBXFileReference; lastKnownFileType = sourcecode.c.objc; path = Search2DMatrix.m; sourceTree = "<group>"; };
		0A67A5D020C0EE97001AB5EF /* LongestValidParentheses.h */ = {isa = PBXFileReference; lastKnownFileType = sourcecode.c.h; path = LongestValidParentheses.h; sourceTree = "<group>"; };
		0A67A5D120C0EE97001AB5EF /* LongestValidParentheses.m */ = {isa = PBXFileReference; lastKnownFileType = sourcecode.c.objc; path = LongestValidParentheses.m; sourceTree = "<group>"; };
		0A67A5D320C168D9001AB5EF /* HalfRepeat.h */ = {isa = PBXFileReference; lastKnownFileType = sourcecode.c.h; path = HalfRepeat.h; sourceTree = "<group>"; };
		0A67A5D420C168D9001AB5EF /* HalfRepeat.m */ = {isa = PBXFileReference; lastKnownFileType = sourcecode.c.objc; path = HalfRepeat.m; sourceTree = "<group>"; };
		0A694F3C2099982300694E35 /* PalindromicStr.h */ = {isa = PBXFileReference; lastKnownFileType = sourcecode.c.h; path = PalindromicStr.h; sourceTree = "<group>"; };
		0A694F3D2099982300694E35 /* PalindromicStr.m */ = {isa = PBXFileReference; lastKnownFileType = sourcecode.c.objc; path = PalindromicStr.m; sourceTree = "<group>"; };
		0A6FB48120A13C4C00F9504D /* ZigZagStr.h */ = {isa = PBXFileReference; lastKnownFileType = sourcecode.c.h; path = ZigZagStr.h; sourceTree = "<group>"; };
		0A6FB48220A13C4C00F9504D /* ZigZagStr.m */ = {isa = PBXFileReference; lastKnownFileType = sourcecode.c.objc; path = ZigZagStr.m; sourceTree = "<group>"; };
		0A76527C20BCEF0100A3BA70 /* PhoneNumToStr.h */ = {isa = PBXFileReference; lastKnownFileType = sourcecode.c.h; path = PhoneNumToStr.h; sourceTree = "<group>"; };
		0A76527D20BCEF0100A3BA70 /* PhoneNumToStr.m */ = {isa = PBXFileReference; lastKnownFileType = sourcecode.c.objc; path = PhoneNumToStr.m; sourceTree = "<group>"; };
		0A79658B20C8E2A80028836F /* Permutations2.h */ = {isa = PBXFileReference; lastKnownFileType = sourcecode.c.h; path = Permutations2.h; sourceTree = "<group>"; };
		0A79658C20C8E2A80028836F /* Permutations2.m */ = {isa = PBXFileReference; lastKnownFileType = sourcecode.c.objc; path = Permutations2.m; sourceTree = "<group>"; };
		0A7988B720C398A900729764 /* SearchinRotatedSortedArray.h */ = {isa = PBXFileReference; lastKnownFileType = sourcecode.c.h; path = SearchinRotatedSortedArray.h; sourceTree = "<group>"; };
		0A7988B820C398A900729764 /* SearchinRotatedSortedArray.m */ = {isa = PBXFileReference; lastKnownFileType = sourcecode.c.objc; path = SearchinRotatedSortedArray.m; sourceTree = "<group>"; };
		0A7988BA20C3A69200729764 /* JosephRing.h */ = {isa = PBXFileReference; lastKnownFileType = sourcecode.c.h; path = JosephRing.h; sourceTree = "<group>"; };
		0A7988BB20C3A69200729764 /* JosephRing.m */ = {isa = PBXFileReference; lastKnownFileType = sourcecode.c.objc; path = JosephRing.m; sourceTree = "<group>"; };
		0A7A0BC020E1D232009AC44D /* UniquePaths.h */ = {isa = PBXFileReference; lastKnownFileType = sourcecode.c.h; path = UniquePaths.h; sourceTree = "<group>"; };
		0A7A0BC120E1D232009AC44D /* UniquePaths.m */ = {isa = PBXFileReference; lastKnownFileType = sourcecode.c.objc; path = UniquePaths.m; sourceTree = "<group>"; };
		0A7A869620C62CE700F48A3C /* CombinationSum2.h */ = {isa = PBXFileReference; lastKnownFileType = sourcecode.c.h; path = CombinationSum2.h; sourceTree = "<group>"; };
		0A7A869720C62CE700F48A3C /* CombinationSum2.m */ = {isa = PBXFileReference; lastKnownFileType = sourcecode.c.objc; path = CombinationSum2.m; sourceTree = "<group>"; };
		0A7A869D20C68EA400F48A3C /* FirstMissingPositive.h */ = {isa = PBXFileReference; lastKnownFileType = sourcecode.c.h; path = FirstMissingPositive.h; sourceTree = "<group>"; };
		0A7A869E20C68EA400F48A3C /* FirstMissingPositive.m */ = {isa = PBXFileReference; lastKnownFileType = sourcecode.c.objc; path = FirstMissingPositive.m; sourceTree = "<group>"; };
		0A7B31C520B82DB2001076FA /* KMP.h */ = {isa = PBXFileReference; lastKnownFileType = sourcecode.c.h; path = KMP.h; sourceTree = "<group>"; };
		0A7B31C620B82DB2001076FA /* KMP.m */ = {isa = PBXFileReference; lastKnownFileType = sourcecode.c.objc; path = KMP.m; sourceTree = "<group>"; };
		0A7C2C3220E500F100549F5F /* SetMatrixZeroes.h */ = {isa = PBXFileReference; lastKnownFileType = sourcecode.c.h; path = SetMatrixZeroes.h; sourceTree = "<group>"; };
		0A7C2C3320E500F100549F5F /* SetMatrixZeroes.m */ = {isa = PBXFileReference; lastKnownFileType = sourcecode.c.objc; path = SetMatrixZeroes.m; sourceTree = "<group>"; };
		0A7CD33920CA23CB003D10DF /* RotateImage.h */ = {isa = PBXFileReference; lastKnownFileType = sourcecode.c.h; path = RotateImage.h; sourceTree = "<group>"; };
		0A7CD33A20CA23CB003D10DF /* RotateImage.m */ = {isa = PBXFileReference; lastKnownFileType = sourcecode.c.objc; path = RotateImage.m; sourceTree = "<group>"; };
		0A7D76A120BE36A60084C7A9 /* ValidParentheses.h */ = {isa = PBXFileReference; lastKnownFileType = sourcecode.c.h; path = ValidParentheses.h; sourceTree = "<group>"; };
		0A7D76A220BE36A60084C7A9 /* ValidParentheses.m */ = {isa = PBXFileReference; lastKnownFileType = sourcecode.c.objc; path = ValidParentheses.m; sourceTree = "<group>"; };
		0A7DB7E120C78424002EB139 /* TrappingRainWater.h */ = {isa = PBXFileReference; lastKnownFileType = sourcecode.c.h; path = TrappingRainWater.h; sourceTree = "<group>"; };
		0A7DB7E220C78424002EB139 /* TrappingRainWater.m */ = {isa = PBXFileReference; lastKnownFileType = sourcecode.c.objc; path = TrappingRainWater.m; sourceTree = "<group>"; };
		0A7DB7E420C7D08C002EB139 /* MultiplyStrings.h */ = {isa = PBXFileReference; lastKnownFileType = sourcecode.c.h; path = MultiplyStrings.h; sourceTree = "<group>"; };
		0A7DB7E520C7D08C002EB139 /* MultiplyStrings.m */ = {isa = PBXFileReference; lastKnownFileType = sourcecode.c.objc; path = MultiplyStrings.m; sourceTree = "<group>"; };
		0A7DB7E720C7D685002EB139 /* Permutations.h */ = {isa = PBXFileReference; lastKnownFileType = sourcecode.c.h; path = Permutations.h; sourceTree = "<group>"; };
		0A7DB7E820C7D685002EB139 /* Permutations.m */ = {isa = PBXFileReference; lastKnownFileType = sourcecode.c.objc; path = Permutations.m; sourceTree = "<group>"; };
		0A7E268120B501AE000902C6 /* QuickSort.h */ = {isa = PBXFileReference; lastKnownFileType = sourcecode.c.h; path = QuickSort.h; sourceTree = "<group>"; };
		0A7E268220B501AE000902C6 /* QuickSort.m */ = {isa = PBXFileReference; lastKnownFileType = sourcecode.c.objc; path = QuickSort.m; sourceTree = "<group>"; };
		0A7E268420B50235000902C6 /* MergeSort.h */ = {isa = PBXFileReference; lastKnownFileType = sourcecode.c.h; path = MergeSort.h; sourceTree = "<group>"; };
		0A7E268520B50235000902C6 /* MergeSort.m */ = {isa = PBXFileReference; lastKnownFileType = sourcecode.c.objc; path = MergeSort.m; sourceTree = "<group>"; };
		0A7E4F7420AEE10C00D363F7 /* RegularExpressionMatching.h */ = {isa = PBXFileReference; lastKnownFileType = sourcecode.c.h; path = RegularExpressionMatching.h; sourceTree = "<group>"; };
		0A7E4F7520AEE10C00D363F7 /* RegularExpressionMatching.m */ = {isa = PBXFileReference; lastKnownFileType = sourcecode.c.objc; path = RegularExpressionMatching.m; sourceTree = "<group>"; };
		0A7F0FE920D9F4C30017F480 /* JumpGame.h */ = {isa = PBXFileReference; lastKnownFileType = sourcecode.c.h; path = JumpGame.h; sourceTree = "<group>"; };
		0A7F0FEA20D9F4C30017F480 /* JumpGame.m */ = {isa = PBXFileReference; lastKnownFileType = sourcecode.c.objc; path = JumpGame.m; sourceTree = "<group>"; };
		0A7F2AEC206E4785001C56E6 /* BinarySearch.h */ = {isa = PBXFileReference; lastKnownFileType = sourcecode.c.h; path = BinarySearch.h; sourceTree = "<group>"; };
		0A7F2AED206E4785001C56E6 /* BinarySearch.m */ = {isa = PBXFileReference; lastKnownFileType = sourcecode.c.objc; path = BinarySearch.m; sourceTree = "<group>"; };
		0A8444A6207F6AC800E5E598 /* ArrayMedian.h */ = {isa = PBXFileReference; lastKnownFileType = sourcecode.c.h; path = ArrayMedian.h; sourceTree = "<group>"; };
		0A8444A7207F6AC800E5E598 /* ArrayMedian.m */ = {isa = PBXFileReference; lastKnownFileType = sourcecode.c.objc; path = ArrayMedian.m; sourceTree = "<group>"; };
		0A8496052063B4610060FC6D /* LLYAlgorithmDemo.app */ = {isa = PBXFileReference; explicitFileType = wrapper.application; includeInIndex = 0; path = LLYAlgorithmDemo.app; sourceTree = BUILT_PRODUCTS_DIR; };
		0A8496082063B4610060FC6D /* AppDelegate.h */ = {isa = PBXFileReference; lastKnownFileType = sourcecode.c.h; path = AppDelegate.h; sourceTree = "<group>"; };
		0A8496092063B4610060FC6D /* AppDelegate.m */ = {isa = PBXFileReference; lastKnownFileType = sourcecode.c.objc; path = AppDelegate.m; sourceTree = "<group>"; };
		0A84960B2063B4610060FC6D /* ViewController.h */ = {isa = PBXFileReference; lastKnownFileType = sourcecode.c.h; path = ViewController.h; sourceTree = "<group>"; };
		0A84960C2063B4610060FC6D /* ViewController.m */ = {isa = PBXFileReference; lastKnownFileType = sourcecode.c.objc; path = ViewController.m; sourceTree = "<group>"; };
		0A84960F2063B4610060FC6D /* Base */ = {isa = PBXFileReference; lastKnownFileType = file.storyboard; name = Base; path = Base.lproj/Main.storyboard; sourceTree = "<group>"; };
		0A8496112063B4610060FC6D /* Assets.xcassets */ = {isa = PBXFileReference; lastKnownFileType = folder.assetcatalog; path = Assets.xcassets; sourceTree = "<group>"; };
		0A8496142063B4610060FC6D /* Base */ = {isa = PBXFileReference; lastKnownFileType = file.storyboard; name = Base; path = Base.lproj/LaunchScreen.storyboard; sourceTree = "<group>"; };
		0A8496162063B4610060FC6D /* Info.plist */ = {isa = PBXFileReference; lastKnownFileType = text.plist.xml; path = Info.plist; sourceTree = "<group>"; };
		0A8496172063B4610060FC6D /* main.m */ = {isa = PBXFileReference; lastKnownFileType = sourcecode.c.objc; path = main.m; sourceTree = "<group>"; };
		0A84961D2063B4610060FC6D /* LLYAlgorithmDemoTests.xctest */ = {isa = PBXFileReference; explicitFileType = wrapper.cfbundle; includeInIndex = 0; path = LLYAlgorithmDemoTests.xctest; sourceTree = BUILT_PRODUCTS_DIR; };
		0A8496212063B4610060FC6D /* LLYAlgorithmDemoTests.m */ = {isa = PBXFileReference; lastKnownFileType = sourcecode.c.objc; path = LLYAlgorithmDemoTests.m; sourceTree = "<group>"; };
		0A8496232063B4610060FC6D /* Info.plist */ = {isa = PBXFileReference; lastKnownFileType = text.plist.xml; path = Info.plist; sourceTree = "<group>"; };
		0A8496282063B4610060FC6D /* LLYAlgorithmDemoUITests.xctest */ = {isa = PBXFileReference; explicitFileType = wrapper.cfbundle; includeInIndex = 0; path = LLYAlgorithmDemoUITests.xctest; sourceTree = BUILT_PRODUCTS_DIR; };
		0A84962C2063B4610060FC6D /* LLYAlgorithmDemoUITests.m */ = {isa = PBXFileReference; lastKnownFileType = sourcecode.c.objc; path = LLYAlgorithmDemoUITests.m; sourceTree = "<group>"; };
		0A84962E2063B4610060FC6D /* Info.plist */ = {isa = PBXFileReference; lastKnownFileType = text.plist.xml; path = Info.plist; sourceTree = "<group>"; };
		0A84963B2063B5110060FC6D /* TwoSum.h */ = {isa = PBXFileReference; lastKnownFileType = sourcecode.c.h; path = TwoSum.h; sourceTree = "<group>"; };
		0A84963C2063B5110060FC6D /* TwoSum.m */ = {isa = PBXFileReference; lastKnownFileType = sourcecode.c.objc; path = TwoSum.m; sourceTree = "<group>"; };
		0A84B6272074743C00CD815E /* MaxSubStr.h */ = {isa = PBXFileReference; lastKnownFileType = sourcecode.c.h; path = MaxSubStr.h; sourceTree = "<group>"; };
		0A84B6282074743C00CD815E /* MaxSubStr.m */ = {isa = PBXFileReference; lastKnownFileType = sourcecode.c.objc; path = MaxSubStr.m; sourceTree = "<group>"; };
		0A85B34D20DB3CE200EF4DBB /* MergeIntervals.h */ = {isa = PBXFileReference; lastKnownFileType = sourcecode.c.h; path = MergeIntervals.h; sourceTree = "<group>"; };
		0A85B34E20DB3CE200EF4DBB /* MergeIntervals.m */ = {isa = PBXFileReference; lastKnownFileType = sourcecode.c.objc; path = MergeIntervals.m; sourceTree = "<group>"; };
		0A86B76620B4389100D17FC6 /* GenerateParentheses.h */ = {isa = PBXFileReference; lastKnownFileType = sourcecode.c.h; path = GenerateParentheses.h; sourceTree = "<group>"; };
		0A86B76720B4389100D17FC6 /* GenerateParentheses.m */ = {isa = PBXFileReference; lastKnownFileType = sourcecode.c.objc; path = GenerateParentheses.m; sourceTree = "<group>"; };
		0A89F87E20B15914008E5811 /* HeapSort.h */ = {isa = PBXFileReference; lastKnownFileType = sourcecode.c.h; path = HeapSort.h; sourceTree = "<group>"; };
		0A89F87F20B15914008E5811 /* HeapSort.m */ = {isa = PBXFileReference; lastKnownFileType = sourcecode.c.objc; path = HeapSort.m; sourceTree = "<group>"; };
		0A8B295F20DC926B006AF03B /* InsertInterval.h */ = {isa = PBXFileReference; lastKnownFileType = sourcecode.c.h; path = InsertInterval.h; sourceTree = "<group>"; };
		0A8B296020DC926B006AF03B /* InsertInterval.m */ = {isa = PBXFileReference; lastKnownFileType = sourcecode.c.objc; path = InsertInterval.m; sourceTree = "<group>"; };
		0A94B27F20A94FD500477751 /* ReverseInteger.h */ = {isa = PBXFileReference; lastKnownFileType = sourcecode.c.h; path = ReverseInteger.h; sourceTree = "<group>"; };
		0A94B28020A94FD500477751 /* ReverseInteger.m */ = {isa = PBXFileReference; lastKnownFileType = sourcecode.c.objc; path = ReverseInteger.m; sourceTree = "<group>"; };
		0A94B28220A9837E00477751 /* StringToInteger.h */ = {isa = PBXFileReference; lastKnownFileType = sourcecode.c.h; path = StringToInteger.h; sourceTree = "<group>"; };
		0A94B28320A9837E00477751 /* StringToInteger.m */ = {isa = PBXFileReference; lastKnownFileType = sourcecode.c.objc; path = StringToInteger.m; sourceTree = "<group>"; };
		0A95A39920BBAA2F00804608 /* ArrayThreeSumZero.h */ = {isa = PBXFileReference; lastKnownFileType = sourcecode.c.h; path = ArrayThreeSumZero.h; sourceTree = "<group>"; };
		0A95A39A20BBAA2F00804608 /* ArrayThreeSumZero.m */ = {isa = PBXFileReference; lastKnownFileType = sourcecode.c.objc; path = ArrayThreeSumZero.m; sourceTree = "<group>"; };
		0A96D7232071C0A0000720CA /* Recurrence.h */ = {isa = PBXFileReference; lastKnownFileType = sourcecode.c.h; path = Recurrence.h; sourceTree = "<group>"; };
		0A96D7242071C0A0000720CA /* Recurrence.m */ = {isa = PBXFileReference; lastKnownFileType = sourcecode.c.objc; path = Recurrence.m; sourceTree = "<group>"; };
		0A9C205720E0811C00CB1914 /* RotateList.h */ = {isa = PBXFileReference; lastKnownFileType = sourcecode.c.h; path = RotateList.h; sourceTree = "<group>"; };
		0A9C205820E0811C00CB1914 /* RotateList.m */ = {isa = PBXFileReference; lastKnownFileType = sourcecode.c.objc; path = RotateList.m; sourceTree = "<group>"; };
		0A9D49812073A14E0040A3C8 /* ArrayToSum.h */ = {isa = PBXFileReference; lastKnownFileType = sourcecode.c.h; path = ArrayToSum.h; sourceTree = "<group>"; };
		0A9D49822073A14E0040A3C8 /* ArrayToSum.m */ = {isa = PBXFileReference; lastKnownFileType = sourcecode.c.objc; path = ArrayToSum.m; sourceTree = "<group>"; };
		0A9DA6F820C4D32F00475C74 /* SearchforaRange.h */ = {isa = PBXFileReference; lastKnownFileType = sourcecode.c.h; path = SearchforaRange.h; sourceTree = "<group>"; };
		0A9DA6F920C4D32F00475C74 /* SearchforaRange.m */ = {isa = PBXFileReference; lastKnownFileType = sourcecode.c.objc; path = SearchforaRange.m; sourceTree = "<group>"; };
		0A9DA73C20C5441E00475C74 /* CombinationSum.h */ = {isa = PBXFileReference; lastKnownFileType = sourcecode.c.h; path = CombinationSum.h; sourceTree = "<group>"; };
		0A9DA73D20C5441E00475C74 /* CombinationSum.m */ = {isa = PBXFileReference; lastKnownFileType = sourcecode.c.objc; path = CombinationSum.m; sourceTree = "<group>"; };
		0AA12DEB20D3677E0035530A /* NQueue.h */ = {isa = PBXFileReference; lastKnownFileType = sourcecode.c.h; path = NQueue.h; sourceTree = "<group>"; };
		0AA12DEC20D3677E0035530A /* NQueue.m */ = {isa = PBXFileReference; lastKnownFileType = sourcecode.c.objc; path = NQueue.m; sourceTree = "<group>"; };
		0AA5246720E746C800EB1A2C /* SortColors.h */ = {isa = PBXFileReference; lastKnownFileType = sourcecode.c.h; path = SortColors.h; sourceTree = "<group>"; };
		0AA5246820E746C800EB1A2C /* SortColors.m */ = {isa = PBXFileReference; lastKnownFileType = sourcecode.c.objc; path = SortColors.m; sourceTree = "<group>"; };
		0AC34D2520D8DA1600396A69 /* SpiralMatrix.h */ = {isa = PBXFileReference; lastKnownFileType = sourcecode.c.h; path = SpiralMatrix.h; sourceTree = "<group>"; };
		0AC34D2620D8DA1600396A69 /* SpiralMatrix.m */ = {isa = PBXFileReference; lastKnownFileType = sourcecode.c.objc; path = SpiralMatrix.m; sourceTree = "<group>"; };
/* End PBXFileReference section */

/* Begin PBXFrameworksBuildPhase section */
		0A8496022063B4610060FC6D /* Frameworks */ = {
			isa = PBXFrameworksBuildPhase;
			buildActionMask = 2147483647;
			files = (
			);
			runOnlyForDeploymentPostprocessing = 0;
		};
		0A84961A2063B4610060FC6D /* Frameworks */ = {
			isa = PBXFrameworksBuildPhase;
			buildActionMask = 2147483647;
			files = (
			);
			runOnlyForDeploymentPostprocessing = 0;
		};
		0A8496252063B4610060FC6D /* Frameworks */ = {
			isa = PBXFrameworksBuildPhase;
			buildActionMask = 2147483647;
			files = (
			);
			runOnlyForDeploymentPostprocessing = 0;
		};
/* End PBXFrameworksBuildPhase section */

/* Begin PBXGroup section */
		0A8495FC2063B4610060FC6D = {
			isa = PBXGroup;
			children = (
				0A8496072063B4610060FC6D /* LLYAlgorithmDemo */,
				0A8496202063B4610060FC6D /* LLYAlgorithmDemoTests */,
				0A84962B2063B4610060FC6D /* LLYAlgorithmDemoUITests */,
				0A8496062063B4610060FC6D /* Products */,
			);
			sourceTree = "<group>";
		};
		0A8496062063B4610060FC6D /* Products */ = {
			isa = PBXGroup;
			children = (
				0A8496052063B4610060FC6D /* LLYAlgorithmDemo.app */,
				0A84961D2063B4610060FC6D /* LLYAlgorithmDemoTests.xctest */,
				0A8496282063B4610060FC6D /* LLYAlgorithmDemoUITests.xctest */,
			);
			name = Products;
			sourceTree = "<group>";
		};
		0A8496072063B4610060FC6D /* LLYAlgorithmDemo */ = {
			isa = PBXGroup;
			children = (
				0A84963A2063B49D0060FC6D /* algorithm */,
				0A8496082063B4610060FC6D /* AppDelegate.h */,
				0A8496092063B4610060FC6D /* AppDelegate.m */,
				0A84960B2063B4610060FC6D /* ViewController.h */,
				0A84960C2063B4610060FC6D /* ViewController.m */,
				0A84960E2063B4610060FC6D /* Main.storyboard */,
				0A8496112063B4610060FC6D /* Assets.xcassets */,
				0A8496132063B4610060FC6D /* LaunchScreen.storyboard */,
				0A8496162063B4610060FC6D /* Info.plist */,
				0A8496172063B4610060FC6D /* main.m */,
			);
			path = LLYAlgorithmDemo;
			sourceTree = "<group>";
		};
		0A8496202063B4610060FC6D /* LLYAlgorithmDemoTests */ = {
			isa = PBXGroup;
			children = (
				0A8496212063B4610060FC6D /* LLYAlgorithmDemoTests.m */,
				0A8496232063B4610060FC6D /* Info.plist */,
			);
			path = LLYAlgorithmDemoTests;
			sourceTree = "<group>";
		};
		0A84962B2063B4610060FC6D /* LLYAlgorithmDemoUITests */ = {
			isa = PBXGroup;
			children = (
				0A84962C2063B4610060FC6D /* LLYAlgorithmDemoUITests.m */,
				0A84962E2063B4610060FC6D /* Info.plist */,
			);
			path = LLYAlgorithmDemoUITests;
			sourceTree = "<group>";
		};
		0A84963A2063B49D0060FC6D /* algorithm */ = {
			isa = PBXGroup;
			children = (
				0A84963B2063B5110060FC6D /* TwoSum.h */,
				0A84963C2063B5110060FC6D /* TwoSum.m */,
				0A7F2AEC206E4785001C56E6 /* BinarySearch.h */,
				0A7F2AED206E4785001C56E6 /* BinarySearch.m */,
				0A96D7232071C0A0000720CA /* Recurrence.h */,
				0A96D7242071C0A0000720CA /* Recurrence.m */,
				0A9D49812073A14E0040A3C8 /* ArrayToSum.h */,
				0A9D49822073A14E0040A3C8 /* ArrayToSum.m */,
				0A84B6272074743C00CD815E /* MaxSubStr.h */,
				0A84B6282074743C00CD815E /* MaxSubStr.m */,
				0A8444A6207F6AC800E5E598 /* ArrayMedian.h */,
				0A8444A7207F6AC800E5E598 /* ArrayMedian.m */,
				0A579C5120958A80004B78A3 /* HanoiTower.h */,
				0A579C5220958A80004B78A3 /* HanoiTower.m */,
				0A694F3C2099982300694E35 /* PalindromicStr.h */,
				0A694F3D2099982300694E35 /* PalindromicStr.m */,
				0A6FB48120A13C4C00F9504D /* ZigZagStr.h */,
				0A6FB48220A13C4C00F9504D /* ZigZagStr.m */,
				0A94B27F20A94FD500477751 /* ReverseInteger.h */,
				0A94B28020A94FD500477751 /* ReverseInteger.m */,
				0A94B28220A9837E00477751 /* StringToInteger.h */,
				0A94B28320A9837E00477751 /* StringToInteger.m */,
				0A7E4F7420AEE10C00D363F7 /* RegularExpressionMatching.h */,
				0A7E4F7520AEE10C00D363F7 /* RegularExpressionMatching.m */,
				0A89F87E20B15914008E5811 /* HeapSort.h */,
				0A89F87F20B15914008E5811 /* HeapSort.m */,
				0A86B76620B4389100D17FC6 /* GenerateParentheses.h */,
				0A86B76720B4389100D17FC6 /* GenerateParentheses.m */,
				0A7E268120B501AE000902C6 /* QuickSort.h */,
				0A7E268220B501AE000902C6 /* QuickSort.m */,
				0A7E268420B50235000902C6 /* MergeSort.h */,
				0A7E268520B50235000902C6 /* MergeSort.m */,
				0A7B31C520B82DB2001076FA /* KMP.h */,
				0A7B31C620B82DB2001076FA /* KMP.m */,
				0A95A39920BBAA2F00804608 /* ArrayThreeSumZero.h */,
				0A95A39A20BBAA2F00804608 /* ArrayThreeSumZero.m */,
				0A76527C20BCEF0100A3BA70 /* PhoneNumToStr.h */,
				0A76527D20BCEF0100A3BA70 /* PhoneNumToStr.m */,
				0A7D76A120BE36A60084C7A9 /* ValidParentheses.h */,
				0A7D76A220BE36A60084C7A9 /* ValidParentheses.m */,
				0A67A5D020C0EE97001AB5EF /* LongestValidParentheses.h */,
				0A67A5D120C0EE97001AB5EF /* LongestValidParentheses.m */,
				0A67A5D320C168D9001AB5EF /* HalfRepeat.h */,
				0A67A5D420C168D9001AB5EF /* HalfRepeat.m */,
				0A5728D020C25B5F008E5F6D /* MaxMinInArray.h */,
				0A5728D120C25B5F008E5F6D /* MaxMinInArray.m */,
				0A7988B720C398A900729764 /* SearchinRotatedSortedArray.h */,
				0A7988B820C398A900729764 /* SearchinRotatedSortedArray.m */,
				0A7988BA20C3A69200729764 /* JosephRing.h */,
				0A7988BB20C3A69200729764 /* JosephRing.m */,
				0A9DA6F820C4D32F00475C74 /* SearchforaRange.h */,
				0A9DA6F920C4D32F00475C74 /* SearchforaRange.m */,
				0A9DA73C20C5441E00475C74 /* CombinationSum.h */,
				0A9DA73D20C5441E00475C74 /* CombinationSum.m */,
				0A7A869620C62CE700F48A3C /* CombinationSum2.h */,
				0A7A869720C62CE700F48A3C /* CombinationSum2.m */,
				0A7A869D20C68EA400F48A3C /* FirstMissingPositive.h */,
				0A7A869E20C68EA400F48A3C /* FirstMissingPositive.m */,
				0A7DB7E120C78424002EB139 /* TrappingRainWater.h */,
				0A7DB7E220C78424002EB139 /* TrappingRainWater.m */,
				0A7DB7E420C7D08C002EB139 /* MultiplyStrings.h */,
				0A7DB7E520C7D08C002EB139 /* MultiplyStrings.m */,
				0A7DB7E720C7D685002EB139 /* Permutations.h */,
				0A7DB7E820C7D685002EB139 /* Permutations.m */,
				0A79658B20C8E2A80028836F /* Permutations2.h */,
				0A79658C20C8E2A80028836F /* Permutations2.m */,
				0A7CD33920CA23CB003D10DF /* RotateImage.h */,
				0A7CD33A20CA23CB003D10DF /* RotateImage.m */,
				0A49421D20D27AA5000B3A78 /* GroupAnagrams.h */,
				0A49421E20D27AA5000B3A78 /* GroupAnagrams.m */,
				0AA12DEB20D3677E0035530A /* NQueue.h */,
				0AA12DEC20D3677E0035530A /* NQueue.m */,
				0AC34D2520D8DA1600396A69 /* SpiralMatrix.h */,
				0AC34D2620D8DA1600396A69 /* SpiralMatrix.m */,
				0A7F0FE920D9F4C30017F480 /* JumpGame.h */,
				0A7F0FEA20D9F4C30017F480 /* JumpGame.m */,
				0A85B34D20DB3CE200EF4DBB /* MergeIntervals.h */,
				0A85B34E20DB3CE200EF4DBB /* MergeIntervals.m */,
				0A8B295F20DC926B006AF03B /* InsertInterval.h */,
				0A8B296020DC926B006AF03B /* InsertInterval.m */,
				0A4A2FA420DF7266006183F5 /* PermutationSequence.h */,
				0A4A2FA520DF7266006183F5 /* PermutationSequence.m */,
				0A9C205720E0811C00CB1914 /* RotateList.h */,
				0A9C205820E0811C00CB1914 /* RotateList.m */,
				0A7A0BC020E1D232009AC44D /* UniquePaths.h */,
				0A7A0BC120E1D232009AC44D /* UniquePaths.m */,
				0A6424C820E32C0D00D356E5 /* MinimumPathSum.h */,
				0A6424C920E32C0D00D356E5 /* MinimumPathSum.m */,
				0A7C2C3220E500F100549F5F /* SetMatrixZeroes.h */,
				0A7C2C3320E500F100549F5F /* SetMatrixZeroes.m */,
				0A66DFBF20E64EF600E0F35A /* Search2DMatrix.h */,
				0A66DFC020E64EF600E0F35A /* Search2DMatrix.m */,
				0AA5246720E746C800EB1A2C /* SortColors.h */,
				0AA5246820E746C800EB1A2C /* SortColors.m */,
				0A361D3D20E8967000CE410D /* MinimumWindowSubstring.h */,
				0A361D3E20E8967000CE410D /* MinimumWindowSubstring.m */,
			);
			path = algorithm;
			sourceTree = "<group>";
		};
/* End PBXGroup section */

/* Begin PBXNativeTarget section */
		0A8496042063B4610060FC6D /* LLYAlgorithmDemo */ = {
			isa = PBXNativeTarget;
			buildConfigurationList = 0A8496312063B4610060FC6D /* Build configuration list for PBXNativeTarget "LLYAlgorithmDemo" */;
			buildPhases = (
				0A8496012063B4610060FC6D /* Sources */,
				0A8496022063B4610060FC6D /* Frameworks */,
				0A8496032063B4610060FC6D /* Resources */,
			);
			buildRules = (
			);
			dependencies = (
			);
			name = LLYAlgorithmDemo;
			productName = LLYAlgorithmDemo;
			productReference = 0A8496052063B4610060FC6D /* LLYAlgorithmDemo.app */;
			productType = "com.apple.product-type.application";
		};
		0A84961C2063B4610060FC6D /* LLYAlgorithmDemoTests */ = {
			isa = PBXNativeTarget;
			buildConfigurationList = 0A8496342063B4610060FC6D /* Build configuration list for PBXNativeTarget "LLYAlgorithmDemoTests" */;
			buildPhases = (
				0A8496192063B4610060FC6D /* Sources */,
				0A84961A2063B4610060FC6D /* Frameworks */,
				0A84961B2063B4610060FC6D /* Resources */,
			);
			buildRules = (
			);
			dependencies = (
				0A84961F2063B4610060FC6D /* PBXTargetDependency */,
			);
			name = LLYAlgorithmDemoTests;
			productName = LLYAlgorithmDemoTests;
			productReference = 0A84961D2063B4610060FC6D /* LLYAlgorithmDemoTests.xctest */;
			productType = "com.apple.product-type.bundle.unit-test";
		};
		0A8496272063B4610060FC6D /* LLYAlgorithmDemoUITests */ = {
			isa = PBXNativeTarget;
			buildConfigurationList = 0A8496372063B4610060FC6D /* Build configuration list for PBXNativeTarget "LLYAlgorithmDemoUITests" */;
			buildPhases = (
				0A8496242063B4610060FC6D /* Sources */,
				0A8496252063B4610060FC6D /* Frameworks */,
				0A8496262063B4610060FC6D /* Resources */,
			);
			buildRules = (
			);
			dependencies = (
				0A84962A2063B4610060FC6D /* PBXTargetDependency */,
			);
			name = LLYAlgorithmDemoUITests;
			productName = LLYAlgorithmDemoUITests;
			productReference = 0A8496282063B4610060FC6D /* LLYAlgorithmDemoUITests.xctest */;
			productType = "com.apple.product-type.bundle.ui-testing";
		};
/* End PBXNativeTarget section */

/* Begin PBXProject section */
		0A8495FD2063B4610060FC6D /* Project object */ = {
			isa = PBXProject;
			attributes = {
				LastUpgradeCheck = 0920;
				ORGANIZATIONNAME = lly;
				TargetAttributes = {
					0A8496042063B4610060FC6D = {
						CreatedOnToolsVersion = 9.2;
						ProvisioningStyle = Automatic;
					};
					0A84961C2063B4610060FC6D = {
						CreatedOnToolsVersion = 9.2;
						ProvisioningStyle = Automatic;
						TestTargetID = 0A8496042063B4610060FC6D;
					};
					0A8496272063B4610060FC6D = {
						CreatedOnToolsVersion = 9.2;
						ProvisioningStyle = Automatic;
						TestTargetID = 0A8496042063B4610060FC6D;
					};
				};
			};
			buildConfigurationList = 0A8496002063B4610060FC6D /* Build configuration list for PBXProject "LLYAlgorithmDemo" */;
			compatibilityVersion = "Xcode 8.0";
			developmentRegion = en;
			hasScannedForEncodings = 0;
			knownRegions = (
				en,
				Base,
			);
			mainGroup = 0A8495FC2063B4610060FC6D;
			productRefGroup = 0A8496062063B4610060FC6D /* Products */;
			projectDirPath = "";
			projectRoot = "";
			targets = (
				0A8496042063B4610060FC6D /* LLYAlgorithmDemo */,
				0A84961C2063B4610060FC6D /* LLYAlgorithmDemoTests */,
				0A8496272063B4610060FC6D /* LLYAlgorithmDemoUITests */,
			);
		};
/* End PBXProject section */

/* Begin PBXResourcesBuildPhase section */
		0A8496032063B4610060FC6D /* Resources */ = {
			isa = PBXResourcesBuildPhase;
			buildActionMask = 2147483647;
			files = (
				0A8496152063B4610060FC6D /* LaunchScreen.storyboard in Resources */,
				0A8496122063B4610060FC6D /* Assets.xcassets in Resources */,
				0A8496102063B4610060FC6D /* Main.storyboard in Resources */,
			);
			runOnlyForDeploymentPostprocessing = 0;
		};
		0A84961B2063B4610060FC6D /* Resources */ = {
			isa = PBXResourcesBuildPhase;
			buildActionMask = 2147483647;
			files = (
			);
			runOnlyForDeploymentPostprocessing = 0;
		};
		0A8496262063B4610060FC6D /* Resources */ = {
			isa = PBXResourcesBuildPhase;
			buildActionMask = 2147483647;
			files = (
			);
			runOnlyForDeploymentPostprocessing = 0;
		};
/* End PBXResourcesBuildPhase section */

/* Begin PBXSourcesBuildPhase section */
		0A8496012063B4610060FC6D /* Sources */ = {
			isa = PBXSourcesBuildPhase;
			buildActionMask = 2147483647;
			files = (
				0A7F2AEE206E4785001C56E6 /* BinarySearch.m in Sources */,
				0A84960D2063B4610060FC6D /* ViewController.m in Sources */,
				0A8444A8207F6AC800E5E598 /* ArrayMedian.m in Sources */,
				0A7E4F7620AEE10C00D363F7 /* RegularExpressionMatching.m in Sources */,
				0A6FB48320A13C4C00F9504D /* ZigZagStr.m in Sources */,
				0A7A869820C62CE700F48A3C /* CombinationSum2.m in Sources */,
				0AA12DED20D3677E0035530A /* NQueue.m in Sources */,
				0AA5246920E746C800EB1A2C /* SortColors.m in Sources */,
				0A7A869F20C68EA400F48A3C /* FirstMissingPositive.m in Sources */,
				0A579C5320958A80004B78A3 /* HanoiTower.m in Sources */,
				0A5728D220C25B5F008E5F6D /* MaxMinInArray.m in Sources */,
				0A8496182063B4610060FC6D /* main.m in Sources */,
				0A7988BC20C3A69200729764 /* JosephRing.m in Sources */,
				0A94B28120A94FD500477751 /* ReverseInteger.m in Sources */,
				0A96D7252071C0A0000720CA /* Recurrence.m in Sources */,
				0A694F3E2099982300694E35 /* PalindromicStr.m in Sources */,
				0A7A0BC220E1D232009AC44D /* UniquePaths.m in Sources */,
				0A76527E20BCEF0100A3BA70 /* PhoneNumToStr.m in Sources */,
				0A49421F20D27AA5000B3A78 /* GroupAnagrams.m in Sources */,
				0A4A2FA620DF7266006183F5 /* PermutationSequence.m in Sources */,
				0A361D3F20E8967000CE410D /* MinimumWindowSubstring.m in Sources */,
				0A79658D20C8E2A80028836F /* Permutations2.m in Sources */,
				0A9DA73E20C5441E00475C74 /* CombinationSum.m in Sources */,
				0A7C2C3420E500F100549F5F /* SetMatrixZeroes.m in Sources */,
				0A7F0FEB20D9F4C30017F480 /* JumpGame.m in Sources */,
				0A84963D2063B5110060FC6D /* TwoSum.m in Sources */,
				0A89F88020B15914008E5811 /* HeapSort.m in Sources */,
				0A7988B920C398A900729764 /* SearchinRotatedSortedArray.m in Sources */,
				0A66DFC120E64EF600E0F35A /* Search2DMatrix.m in Sources */,
				0A94B28420A9837E00477751 /* StringToInteger.m in Sources */,
				0A95A39B20BBAA2F00804608 /* ArrayThreeSumZero.m in Sources */,
				0A7E268320B501AE000902C6 /* QuickSort.m in Sources */,
				0A84960A2063B4610060FC6D /* AppDelegate.m in Sources */,
				0A9D49832073A14E0040A3C8 /* ArrayToSum.m in Sources */,
				0A67A5D220C0EE97001AB5EF /* LongestValidParentheses.m in Sources */,
				0A7B31C720B82DB3001076FA /* KMP.m in Sources */,
				0A67A5D520C168D9001AB5EF /* HalfRepeat.m in Sources */,
				0A85B34F20DB3CE200EF4DBB /* MergeIntervals.m in Sources */,
				0A6424CA20E32C0D00D356E5 /* MinimumPathSum.m in Sources */,
				0A7D76A320BE36A60084C7A9 /* ValidParentheses.m in Sources */,
				0A7DB7E620C7D08C002EB139 /* MultiplyStrings.m in Sources */,
				0A7E268620B50235000902C6 /* MergeSort.m in Sources */,
				0AC34D2720D8DA1600396A69 /* SpiralMatrix.m in Sources */,
				0A8B296120DC926B006AF03B /* InsertInterval.m in Sources */,
				0A7DB7E920C7D685002EB139 /* Permutations.m in Sources */,
				0A9C205920E0811C00CB1914 /* RotateList.m in Sources */,
				0A7CD33B20CA23CB003D10DF /* RotateImage.m in Sources */,
				0A9DA6FA20C4D32F00475C74 /* SearchforaRange.m in Sources */,
				0A7DB7E320C78424002EB139 /* TrappingRainWater.m in Sources */,
				0A84B6292074743C00CD815E /* MaxSubStr.m in Sources */,
				0A86B76820B4389100D17FC6 /* GenerateParentheses.m in Sources */,
			);
			runOnlyForDeploymentPostprocessing = 0;
		};
		0A8496192063B4610060FC6D /* Sources */ = {
			isa = PBXSourcesBuildPhase;
			buildActionMask = 2147483647;
			files = (
				0A8496222063B4610060FC6D /* LLYAlgorithmDemoTests.m in Sources */,
			);
			runOnlyForDeploymentPostprocessing = 0;
		};
		0A8496242063B4610060FC6D /* Sources */ = {
			isa = PBXSourcesBuildPhase;
			buildActionMask = 2147483647;
			files = (
				0A84962D2063B4610060FC6D /* LLYAlgorithmDemoUITests.m in Sources */,
			);
			runOnlyForDeploymentPostprocessing = 0;
		};
/* End PBXSourcesBuildPhase section */

/* Begin PBXTargetDependency section */
		0A84961F2063B4610060FC6D /* PBXTargetDependency */ = {
			isa = PBXTargetDependency;
			target = 0A8496042063B4610060FC6D /* LLYAlgorithmDemo */;
			targetProxy = 0A84961E2063B4610060FC6D /* PBXContainerItemProxy */;
		};
		0A84962A2063B4610060FC6D /* PBXTargetDependency */ = {
			isa = PBXTargetDependency;
			target = 0A8496042063B4610060FC6D /* LLYAlgorithmDemo */;
			targetProxy = 0A8496292063B4610060FC6D /* PBXContainerItemProxy */;
		};
/* End PBXTargetDependency section */

/* Begin PBXVariantGroup section */
		0A84960E2063B4610060FC6D /* Main.storyboard */ = {
			isa = PBXVariantGroup;
			children = (
				0A84960F2063B4610060FC6D /* Base */,
			);
			name = Main.storyboard;
			sourceTree = "<group>";
		};
		0A8496132063B4610060FC6D /* LaunchScreen.storyboard */ = {
			isa = PBXVariantGroup;
			children = (
				0A8496142063B4610060FC6D /* Base */,
			);
			name = LaunchScreen.storyboard;
			sourceTree = "<group>";
		};
/* End PBXVariantGroup section */

/* Begin XCBuildConfiguration section */
		0A84962F2063B4610060FC6D /* Debug */ = {
			isa = XCBuildConfiguration;
			buildSettings = {
				ALWAYS_SEARCH_USER_PATHS = NO;
				CLANG_ANALYZER_NONNULL = YES;
				CLANG_ANALYZER_NUMBER_OBJECT_CONVERSION = YES_AGGRESSIVE;
				CLANG_CXX_LANGUAGE_STANDARD = "gnu++14";
				CLANG_CXX_LIBRARY = "libc++";
				CLANG_ENABLE_MODULES = YES;
				CLANG_ENABLE_OBJC_ARC = YES;
				CLANG_WARN_BLOCK_CAPTURE_AUTORELEASING = YES;
				CLANG_WARN_BOOL_CONVERSION = YES;
				CLANG_WARN_COMMA = YES;
				CLANG_WARN_CONSTANT_CONVERSION = YES;
				CLANG_WARN_DIRECT_OBJC_ISA_USAGE = YES_ERROR;
				CLANG_WARN_DOCUMENTATION_COMMENTS = YES;
				CLANG_WARN_EMPTY_BODY = YES;
				CLANG_WARN_ENUM_CONVERSION = YES;
				CLANG_WARN_INFINITE_RECURSION = YES;
				CLANG_WARN_INT_CONVERSION = YES;
				CLANG_WARN_NON_LITERAL_NULL_CONVERSION = YES;
				CLANG_WARN_OBJC_LITERAL_CONVERSION = YES;
				CLANG_WARN_OBJC_ROOT_CLASS = YES_ERROR;
				CLANG_WARN_RANGE_LOOP_ANALYSIS = YES;
				CLANG_WARN_STRICT_PROTOTYPES = YES;
				CLANG_WARN_SUSPICIOUS_MOVE = YES;
				CLANG_WARN_UNGUARDED_AVAILABILITY = YES_AGGRESSIVE;
				CLANG_WARN_UNREACHABLE_CODE = YES;
				CLANG_WARN__DUPLICATE_METHOD_MATCH = YES;
				CODE_SIGN_IDENTITY = "iPhone Developer";
				COPY_PHASE_STRIP = NO;
				DEBUG_INFORMATION_FORMAT = dwarf;
				ENABLE_STRICT_OBJC_MSGSEND = YES;
				ENABLE_TESTABILITY = YES;
				GCC_C_LANGUAGE_STANDARD = gnu11;
				GCC_DYNAMIC_NO_PIC = NO;
				GCC_NO_COMMON_BLOCKS = YES;
				GCC_OPTIMIZATION_LEVEL = 0;
				GCC_PREPROCESSOR_DEFINITIONS = (
					"DEBUG=1",
					"$(inherited)",
				);
				GCC_WARN_64_TO_32_BIT_CONVERSION = YES;
				GCC_WARN_ABOUT_RETURN_TYPE = YES_ERROR;
				GCC_WARN_UNDECLARED_SELECTOR = YES;
				GCC_WARN_UNINITIALIZED_AUTOS = YES_AGGRESSIVE;
				GCC_WARN_UNUSED_FUNCTION = YES;
				GCC_WARN_UNUSED_VARIABLE = YES;
				IPHONEOS_DEPLOYMENT_TARGET = 11.2;
				MTL_ENABLE_DEBUG_INFO = YES;
				ONLY_ACTIVE_ARCH = YES;
				SDKROOT = iphoneos;
			};
			name = Debug;
		};
		0A8496302063B4610060FC6D /* Release */ = {
			isa = XCBuildConfiguration;
			buildSettings = {
				ALWAYS_SEARCH_USER_PATHS = NO;
				CLANG_ANALYZER_NONNULL = YES;
				CLANG_ANALYZER_NUMBER_OBJECT_CONVERSION = YES_AGGRESSIVE;
				CLANG_CXX_LANGUAGE_STANDARD = "gnu++14";
				CLANG_CXX_LIBRARY = "libc++";
				CLANG_ENABLE_MODULES = YES;
				CLANG_ENABLE_OBJC_ARC = YES;
				CLANG_WARN_BLOCK_CAPTURE_AUTORELEASING = YES;
				CLANG_WARN_BOOL_CONVERSION = YES;
				CLANG_WARN_COMMA = YES;
				CLANG_WARN_CONSTANT_CONVERSION = YES;
				CLANG_WARN_DIRECT_OBJC_ISA_USAGE = YES_ERROR;
				CLANG_WARN_DOCUMENTATION_COMMENTS = YES;
				CLANG_WARN_EMPTY_BODY = YES;
				CLANG_WARN_ENUM_CONVERSION = YES;
				CLANG_WARN_INFINITE_RECURSION = YES;
				CLANG_WARN_INT_CONVERSION = YES;
				CLANG_WARN_NON_LITERAL_NULL_CONVERSION = YES;
				CLANG_WARN_OBJC_LITERAL_CONVERSION = YES;
				CLANG_WARN_OBJC_ROOT_CLASS = YES_ERROR;
				CLANG_WARN_RANGE_LOOP_ANALYSIS = YES;
				CLANG_WARN_STRICT_PROTOTYPES = YES;
				CLANG_WARN_SUSPICIOUS_MOVE = YES;
				CLANG_WARN_UNGUARDED_AVAILABILITY = YES_AGGRESSIVE;
				CLANG_WARN_UNREACHABLE_CODE = YES;
				CLANG_WARN__DUPLICATE_METHOD_MATCH = YES;
				CODE_SIGN_IDENTITY = "iPhone Developer";
				COPY_PHASE_STRIP = NO;
				DEBUG_INFORMATION_FORMAT = "dwarf-with-dsym";
				ENABLE_NS_ASSERTIONS = NO;
				ENABLE_STRICT_OBJC_MSGSEND = YES;
				GCC_C_LANGUAGE_STANDARD = gnu11;
				GCC_NO_COMMON_BLOCKS = YES;
				GCC_WARN_64_TO_32_BIT_CONVERSION = YES;
				GCC_WARN_ABOUT_RETURN_TYPE = YES_ERROR;
				GCC_WARN_UNDECLARED_SELECTOR = YES;
				GCC_WARN_UNINITIALIZED_AUTOS = YES_AGGRESSIVE;
				GCC_WARN_UNUSED_FUNCTION = YES;
				GCC_WARN_UNUSED_VARIABLE = YES;
				IPHONEOS_DEPLOYMENT_TARGET = 11.2;
				MTL_ENABLE_DEBUG_INFO = NO;
				SDKROOT = iphoneos;
				VALIDATE_PRODUCT = YES;
			};
			name = Release;
		};
		0A8496322063B4610060FC6D /* Debug */ = {
			isa = XCBuildConfiguration;
			buildSettings = {
				ASSETCATALOG_COMPILER_APPICON_NAME = AppIcon;
				CODE_SIGN_STYLE = Automatic;
				DEVELOPMENT_TEAM = PW2BL84NY9;
				INFOPLIST_FILE = LLYAlgorithmDemo/Info.plist;
				IPHONEOS_DEPLOYMENT_TARGET = 10.0;
				LD_RUNPATH_SEARCH_PATHS = "$(inherited) @executable_path/Frameworks";
				PRODUCT_BUNDLE_IDENTIFIER = com.lly.LLYAlgorithmDemo;
				PRODUCT_NAME = "$(TARGET_NAME)";
				TARGETED_DEVICE_FAMILY = "1,2";
			};
			name = Debug;
		};
		0A8496332063B4610060FC6D /* Release */ = {
			isa = XCBuildConfiguration;
			buildSettings = {
				ASSETCATALOG_COMPILER_APPICON_NAME = AppIcon;
				CODE_SIGN_STYLE = Automatic;
				DEVELOPMENT_TEAM = PW2BL84NY9;
				INFOPLIST_FILE = LLYAlgorithmDemo/Info.plist;
				IPHONEOS_DEPLOYMENT_TARGET = 10.0;
				LD_RUNPATH_SEARCH_PATHS = "$(inherited) @executable_path/Frameworks";
				PRODUCT_BUNDLE_IDENTIFIER = com.lly.LLYAlgorithmDemo;
				PRODUCT_NAME = "$(TARGET_NAME)";
				TARGETED_DEVICE_FAMILY = "1,2";
			};
			name = Release;
		};
		0A8496352063B4610060FC6D /* Debug */ = {
			isa = XCBuildConfiguration;
			buildSettings = {
				BUNDLE_LOADER = "$(TEST_HOST)";
				CODE_SIGN_STYLE = Automatic;
				DEVELOPMENT_TEAM = PW2BL84NY9;
				INFOPLIST_FILE = LLYAlgorithmDemoTests/Info.plist;
				LD_RUNPATH_SEARCH_PATHS = "$(inherited) @executable_path/Frameworks @loader_path/Frameworks";
				PRODUCT_BUNDLE_IDENTIFIER = com.lly.LLYAlgorithmDemoTests;
				PRODUCT_NAME = "$(TARGET_NAME)";
				TARGETED_DEVICE_FAMILY = "1,2";
				TEST_HOST = "$(BUILT_PRODUCTS_DIR)/LLYAlgorithmDemo.app/LLYAlgorithmDemo";
			};
			name = Debug;
		};
		0A8496362063B4610060FC6D /* Release */ = {
			isa = XCBuildConfiguration;
			buildSettings = {
				BUNDLE_LOADER = "$(TEST_HOST)";
				CODE_SIGN_STYLE = Automatic;
				DEVELOPMENT_TEAM = PW2BL84NY9;
				INFOPLIST_FILE = LLYAlgorithmDemoTests/Info.plist;
				LD_RUNPATH_SEARCH_PATHS = "$(inherited) @executable_path/Frameworks @loader_path/Frameworks";
				PRODUCT_BUNDLE_IDENTIFIER = com.lly.LLYAlgorithmDemoTests;
				PRODUCT_NAME = "$(TARGET_NAME)";
				TARGETED_DEVICE_FAMILY = "1,2";
				TEST_HOST = "$(BUILT_PRODUCTS_DIR)/LLYAlgorithmDemo.app/LLYAlgorithmDemo";
			};
			name = Release;
		};
		0A8496382063B4610060FC6D /* Debug */ = {
			isa = XCBuildConfiguration;
			buildSettings = {
				CODE_SIGN_STYLE = Automatic;
				DEVELOPMENT_TEAM = PW2BL84NY9;
				INFOPLIST_FILE = LLYAlgorithmDemoUITests/Info.plist;
				LD_RUNPATH_SEARCH_PATHS = "$(inherited) @executable_path/Frameworks @loader_path/Frameworks";
				PRODUCT_BUNDLE_IDENTIFIER = com.lly.LLYAlgorithmDemoUITests;
				PRODUCT_NAME = "$(TARGET_NAME)";
				TARGETED_DEVICE_FAMILY = "1,2";
				TEST_TARGET_NAME = LLYAlgorithmDemo;
			};
			name = Debug;
		};
		0A8496392063B4610060FC6D /* Release */ = {
			isa = XCBuildConfiguration;
			buildSettings = {
				CODE_SIGN_STYLE = Automatic;
				DEVELOPMENT_TEAM = PW2BL84NY9;
				INFOPLIST_FILE = LLYAlgorithmDemoUITests/Info.plist;
				LD_RUNPATH_SEARCH_PATHS = "$(inherited) @executable_path/Frameworks @loader_path/Frameworks";
				PRODUCT_BUNDLE_IDENTIFIER = com.lly.LLYAlgorithmDemoUITests;
				PRODUCT_NAME = "$(TARGET_NAME)";
				TARGETED_DEVICE_FAMILY = "1,2";
				TEST_TARGET_NAME = LLYAlgorithmDemo;
			};
			name = Release;
		};
/* End XCBuildConfiguration section */

/* Begin XCConfigurationList section */
		0A8496002063B4610060FC6D /* Build configuration list for PBXProject "LLYAlgorithmDemo" */ = {
			isa = XCConfigurationList;
			buildConfigurations = (
				0A84962F2063B4610060FC6D /* Debug */,
				0A8496302063B4610060FC6D /* Release */,
			);
			defaultConfigurationIsVisible = 0;
			defaultConfigurationName = Release;
		};
		0A8496312063B4610060FC6D /* Build configuration list for PBXNativeTarget "LLYAlgorithmDemo" */ = {
			isa = XCConfigurationList;
			buildConfigurations = (
				0A8496322063B4610060FC6D /* Debug */,
				0A8496332063B4610060FC6D /* Release */,
			);
			defaultConfigurationIsVisible = 0;
			defaultConfigurationName = Release;
		};
		0A8496342063B4610060FC6D /* Build configuration list for PBXNativeTarget "LLYAlgorithmDemoTests" */ = {
			isa = XCConfigurationList;
			buildConfigurations = (
				0A8496352063B4610060FC6D /* Debug */,
				0A8496362063B4610060FC6D /* Release */,
			);
			defaultConfigurationIsVisible = 0;
			defaultConfigurationName = Release;
		};
		0A8496372063B4610060FC6D /* Build configuration list for PBXNativeTarget "LLYAlgorithmDemoUITests" */ = {
			isa = XCConfigurationList;
			buildConfigurations = (
				0A8496382063B4610060FC6D /* Debug */,
				0A8496392063B4610060FC6D /* Release */,
			);
			defaultConfigurationIsVisible = 0;
			defaultConfigurationName = Release;
		};
/* End XCConfigurationList section */
	};
	rootObject = 0A8495FD2063B4610060FC6D /* Project object */;
}
